
Microsoft Visual Studio Solution File, Format Version 12.00
# Visual Studio 14
VisualStudioVersion = 14.0.24720.0
MinimumVisualStudioVersion = 10.0.40219.1
Project("{FAE04EC0-301F-11D3-BF4B-00C04F79EFBC}") = "Playground.Editor", "Playground.Editor\Playground.Editor.csproj", "{D488FB4C-DD8A-42A4-AAE5-CAE07EB1DFCF}"
EndProject
Project("{FAE04EC0-301F-11D3-BF4B-00C04F79EFBC}") = "Playground.Editor.Shapes", "Playground.Editor.Shapes\Playground.Editor.Shapes.csproj", "{7CBE0DDA-C045-4C08-830B-FBBB086DD7F8}"
EndProject
Global
	GlobalSection(SolutionConfigurationPlatforms) = preSolution
		Debug|Any CPU = Debug|Any CPU
		Release|Any CPU = Release|Any CPU
	EndGlobalSection
	GlobalSection(ProjectConfigurationPlatforms) = postSolution
		{D488FB4C-DD8A-42A4-AAE5-CAE07EB1DFCF}.Debug|Any CPU.ActiveCfg = Debug|Any CPU
		{D488FB4C-DD8A-42A4-AAE5-CAE07EB1DFCF}.Debug|Any CPU.Build.0 = Debug|Any CPU
		{D488FB4C-DD8A-42A4-AAE5-CAE07EB1DFCF}.Release|Any CPU.ActiveCfg = Release|Any CPU
		{D488FB4C-DD8A-42A4-AAE5-CAE07EB1DFCF}.Release|Any CPU.Build.0 = Release|Any CPU
		{7CBE0DDA-C045-4C08-830B-FBBB086DD7F8}.Debug|Any CPU.ActiveCfg = Debug|Any CPU
		{7CBE0DDA-C045-4C08-830B-FBBB086DD7F8}.Debug|Any CPU.Build.0 = Debug|Any CPU
		{7CBE0DDA-C045-4C08-830B-FBBB086DD7F8}.Release|Any CPU.ActiveCfg = Release|Any CPU
		{7CBE0DDA-C045-4C08-830B-FBBB086DD7F8}.Release|Any CPU.Build.0 = Release|Any CPU
	EndGlobalSection
	GlobalSection(SolutionProperties) = preSolution
		HideSolutionNode = FALSE
	EndGlobalSection
EndGlobal
